// !$*UTF8*$!
{
	archiveVersion = 1;
	classes = {
	};
	objectVersion = 48;
	objects = {

/* Begin PBXBuildFile section */
		500F3CF0217CB56F003CE89F /* ConversionInfo.swift in Sources */ = {isa = PBXBuildFile; fileRef = 500F3CEF217CB56F003CE89F /* ConversionInfo.swift */; };
		500F3CF2217CB9D1003CE89F /* CoinData.swift in Sources */ = {isa = PBXBuildFile; fileRef = 500F3CF1217CB9D1003CE89F /* CoinData.swift */; };
		500F3D1D21872531003CE89F /* CoinPriceResult.swift in Sources */ = {isa = PBXBuildFile; fileRef = 500F3D1C21872531003CE89F /* CoinPriceResult.swift */; };
		500F3D232187385A003CE89F /* CoinPrice.swift in Sources */ = {isa = PBXBuildFile; fileRef = 500F3D222187385A003CE89F /* CoinPrice.swift */; };
		500F3D29218751DA003CE89F /* ConstructedCoin.swift in Sources */ = {isa = PBXBuildFile; fileRef = 500F3D28218751DA003CE89F /* ConstructedCoin.swift */; };
		503F9E8A213AC4C900D1714E /* ViewControllerFactory.swift in Sources */ = {isa = PBXBuildFile; fileRef = 503F9E89213AC4C900D1714E /* ViewControllerFactory.swift */; };
		503F9E8C213ACA8200D1714E /* Storyboardable.swift in Sources */ = {isa = PBXBuildFile; fileRef = 503F9E8B213ACA8200D1714E /* Storyboardable.swift */; };
		503F9E91213ACF9900D1714E /* Alamofire.framework in Frameworks */ = {isa = PBXBuildFile; fileRef = 503F9E8D213ACED100D1714E /* Alamofire.framework */; };
		5059671A2160861B00DA1124 /* AllCoinsViewController.storyboard in Resources */ = {isa = PBXBuildFile; fileRef = 505967192160861B00DA1124 /* AllCoinsViewController.storyboard */; };
		50596722216091FD00DA1124 /* CustomCellIdentifiers.swift in Sources */ = {isa = PBXBuildFile; fileRef = 50596721216091FD00DA1124 /* CustomCellIdentifiers.swift */; };
		505967282160A0E200DA1124 /* LoadingIndicator.swift in Sources */ = {isa = PBXBuildFile; fileRef = 505967272160A0E200DA1124 /* LoadingIndicator.swift */; };
		5059672A2160A27600DA1124 /* UIView+LoadingIndicator.swift in Sources */ = {isa = PBXBuildFile; fileRef = 505967292160A27600DA1124 /* UIView+LoadingIndicator.swift */; };
		505967302160BFFB00DA1124 /* UIView+Center.swift in Sources */ = {isa = PBXBuildFile; fileRef = 5059672F2160BFFB00DA1124 /* UIView+Center.swift */; };
		505967392160F55F00DA1124 /* CoinCell.swift in Sources */ = {isa = PBXBuildFile; fileRef = 505967372160F55F00DA1124 /* CoinCell.swift */; };
		5059673A2160F55F00DA1124 /* CoinCell.xib in Resources */ = {isa = PBXBuildFile; fileRef = 505967382160F55F00DA1124 /* CoinCell.xib */; };
		5059673C2160FF8600DA1124 /* CoinCellViewModel.swift in Sources */ = {isa = PBXBuildFile; fileRef = 5059673B2160FF8600DA1124 /* CoinCellViewModel.swift */; };
		50596740216104CF00DA1124 /* AlamofireImage.framework in Frameworks */ = {isa = PBXBuildFile; fileRef = 5059673F216104CF00DA1124 /* AlamofireImage.framework */; };
		5059674D216651FB00DA1124 /* Array+chunked.swift in Sources */ = {isa = PBXBuildFile; fileRef = 5059674C216651FB00DA1124 /* Array+chunked.swift */; };
		5074D9DF213985DD0082C962 /* BucketViewController.swift in Sources */ = {isa = PBXBuildFile; fileRef = 5074D9DE213985DD0082C962 /* BucketViewController.swift */; };
		5074D9E1213985F40082C962 /* AllCoinsViewController.swift in Sources */ = {isa = PBXBuildFile; fileRef = 5074D9E0213985F40082C962 /* AllCoinsViewController.swift */; };
		5074D9E32139860C0082C962 /* CoinViewController.swift in Sources */ = {isa = PBXBuildFile; fileRef = 5074D9E22139860C0082C962 /* CoinViewController.swift */; };
		5074D9E8213986500082C962 /* EnvironmentService.swift in Sources */ = {isa = PBXBuildFile; fileRef = 5074D9E7213986500082C962 /* EnvironmentService.swift */; };
		5074D9EB213987500082C962 /* DataStorage.swift in Sources */ = {isa = PBXBuildFile; fileRef = 5074D9EA213987500082C962 /* DataStorage.swift */; };
		5074D9EF2139878F0082C962 /* NetworkService.swift in Sources */ = {isa = PBXBuildFile; fileRef = 5074D9EE2139878F0082C962 /* NetworkService.swift */; };
		5074D9F4213987EA0082C962 /* CoinViewModel.swift in Sources */ = {isa = PBXBuildFile; fileRef = 5074D9F3213987EA0082C962 /* CoinViewModel.swift */; };
		5074D9F8213987FF0082C962 /* BucketViewModel.swift in Sources */ = {isa = PBXBuildFile; fileRef = 5074D9F7213987FF0082C962 /* BucketViewModel.swift */; };
		5074DA08213998940082C962 /* TabBarController.swift in Sources */ = {isa = PBXBuildFile; fileRef = 5074DA07213998940082C962 /* TabBarController.swift */; };
		5074DA0A21399BE20082C962 /* DataStorageKeys.swift in Sources */ = {isa = PBXBuildFile; fileRef = 5074DA0921399BE20082C962 /* DataStorageKeys.swift */; };
		5074DA0D21399DB70082C962 /* Result.swift in Sources */ = {isa = PBXBuildFile; fileRef = 5074DA0C21399DB70082C962 /* Result.swift */; };
		5074DA0F21399DC10082C962 /* Coin.swift in Sources */ = {isa = PBXBuildFile; fileRef = 5074DA0E21399DC10082C962 /* Coin.swift */; };
		5074DA1121399FDA0082C962 /* AllCoinsViewModel.swift in Sources */ = {isa = PBXBuildFile; fileRef = 5074DA1021399FDA0082C962 /* AllCoinsViewModel.swift */; };
		5088A329218E924F00D41CFF /* APIClient.swift in Sources */ = {isa = PBXBuildFile; fileRef = 5088A328218E924F00D41CFF /* APIClient.swift */; };
		5088A32B218EA61200D41CFF /* UIColor.swift in Sources */ = {isa = PBXBuildFile; fileRef = 5088A32A218EA61200D41CFF /* UIColor.swift */; };
		5088A32E218EE9AC00D41CFF /* CurrencyViewController.swift in Sources */ = {isa = PBXBuildFile; fileRef = 5088A32D218EE9AC00D41CFF /* CurrencyViewController.swift */; };
		5088A330218EE9BA00D41CFF /* CurrencyViewModel.swift in Sources */ = {isa = PBXBuildFile; fileRef = 5088A32F218EE9BA00D41CFF /* CurrencyViewModel.swift */; };
		5088A334218EF2BB00D41CFF /* CurrencyViewController.storyboard in Resources */ = {isa = PBXBuildFile; fileRef = 5088A333218EF2BB00D41CFF /* CurrencyViewController.storyboard */; };
		5088A337218EF44F00D41CFF /* CurrencyCell.swift in Sources */ = {isa = PBXBuildFile; fileRef = 5088A336218EF44F00D41CFF /* CurrencyCell.swift */; };
		5088A339218EF45D00D41CFF /* CurrencyCell.xib in Resources */ = {isa = PBXBuildFile; fileRef = 5088A338218EF45D00D41CFF /* CurrencyCell.xib */; };
		5088A33B218EF90000D41CFF /* CurrencyCellViewModel.swift in Sources */ = {isa = PBXBuildFile; fileRef = 5088A33A218EF90000D41CFF /* CurrencyCellViewModel.swift */; };
		5088A33D218EF94400D41CFF /* Currency.swift in Sources */ = {isa = PBXBuildFile; fileRef = 5088A33C218EF94400D41CFF /* Currency.swift */; };
		50CDC1AF1FDBB87C009A2E22 /* AppDelegate.swift in Sources */ = {isa = PBXBuildFile; fileRef = 50CDC1AE1FDBB87C009A2E22 /* AppDelegate.swift */; };
		50CDC1B61FDBB87C009A2E22 /* Assets.xcassets in Resources */ = {isa = PBXBuildFile; fileRef = 50CDC1B51FDBB87C009A2E22 /* Assets.xcassets */; };
		50CDC1B91FDBB87C009A2E22 /* LaunchScreen.storyboard in Resources */ = {isa = PBXBuildFile; fileRef = 50CDC1B71FDBB87C009A2E22 /* LaunchScreen.storyboard */; };
		50CEB77E21A047D100C31232 /* SuggestionHeaderView.swift in Sources */ = {isa = PBXBuildFile; fileRef = 50CEB77D21A047D100C31232 /* SuggestionHeaderView.swift */; };
		50CEB78121A0484300C31232 /* SuggestionHeaderView.xib in Resources */ = {isa = PBXBuildFile; fileRef = 50CEB78021A0484300C31232 /* SuggestionHeaderView.xib */; };
		50CEB78321A0589D00C31232 /* Date+Extension.swift in Sources */ = {isa = PBXBuildFile; fileRef = 50CEB78221A0589D00C31232 /* Date+Extension.swift */; };
		50D9DC532198164F006D746D /* Suggestion.swift in Sources */ = {isa = PBXBuildFile; fileRef = 50D9DC522198164F006D746D /* Suggestion.swift */; };
		50D9DC5521981C07006D746D /* SuggestionCellViewModel.swift in Sources */ = {isa = PBXBuildFile; fileRef = 50D9DC5421981C07006D746D /* SuggestionCellViewModel.swift */; };
		50D9DC5A2199A801006D746D /* CoinDetailsViewController.swift in Sources */ = {isa = PBXBuildFile; fileRef = 50D9DC592199A801006D746D /* CoinDetailsViewController.swift */; };
		50D9DC5C2199A810006D746D /* CoinDetailsViewController.storyboard in Resources */ = {isa = PBXBuildFile; fileRef = 50D9DC5B2199A810006D746D /* CoinDetailsViewController.storyboard */; };
		50D9DC5E2199A822006D746D /* CoinDetailsViewModel.swift in Sources */ = {isa = PBXBuildFile; fileRef = 50D9DC5D2199A822006D746D /* CoinDetailsViewModel.swift */; };
		50FBF503218F142A00ECE4C3 /* Currencies.json in Resources */ = {isa = PBXBuildFile; fileRef = 50FBF502218F142A00ECE4C3 /* Currencies.json */; };
		50FBF51A219105D400ECE4C3 /* SuggestionCell.swift in Sources */ = {isa = PBXBuildFile; fileRef = 50FBF519219105D400ECE4C3 /* SuggestionCell.swift */; };
		50FBF51C219105DD00ECE4C3 /* SuggestionCell.xib in Resources */ = {isa = PBXBuildFile; fileRef = 50FBF51B219105DD00ECE4C3 /* SuggestionCell.xib */; };
/* End PBXBuildFile section */

/* Begin PBXFileReference section */
		500F3CEF217CB56F003CE89F /* ConversionInfo.swift */ = {isa = PBXFileReference; lastKnownFileType = sourcecode.swift; path = ConversionInfo.swift; sourceTree = "<group>"; };
		500F3CF1217CB9D1003CE89F /* CoinData.swift */ = {isa = PBXFileReference; lastKnownFileType = sourcecode.swift; path = CoinData.swift; sourceTree = "<group>"; };
		500F3D1C21872531003CE89F /* CoinPriceResult.swift */ = {isa = PBXFileReference; lastKnownFileType = sourcecode.swift; path = CoinPriceResult.swift; sourceTree = "<group>"; };
		500F3D222187385A003CE89F /* CoinPrice.swift */ = {isa = PBXFileReference; lastKnownFileType = sourcecode.swift; path = CoinPrice.swift; sourceTree = "<group>"; };
		500F3D28218751DA003CE89F /* ConstructedCoin.swift */ = {isa = PBXFileReference; lastKnownFileType = sourcecode.swift; path = ConstructedCoin.swift; sourceTree = "<group>"; };
		503F9E89213AC4C900D1714E /* ViewControllerFactory.swift */ = {isa = PBXFileReference; lastKnownFileType = sourcecode.swift; path = ViewControllerFactory.swift; sourceTree = "<group>"; };
		503F9E8B213ACA8200D1714E /* Storyboardable.swift */ = {isa = PBXFileReference; lastKnownFileType = sourcecode.swift; path = Storyboardable.swift; sourceTree = "<group>"; };
		503F9E8D213ACED100D1714E /* Alamofire.framework */ = {isa = PBXFileReference; lastKnownFileType = wrapper.framework; name = Alamofire.framework; path = Carthage/Build/iOS/Alamofire.framework; sourceTree = "<group>"; };
		505967192160861B00DA1124 /* AllCoinsViewController.storyboard */ = {isa = PBXFileReference; lastKnownFileType = file.storyboard; path = AllCoinsViewController.storyboard; sourceTree = "<group>"; };
		50596721216091FD00DA1124 /* CustomCellIdentifiers.swift */ = {isa = PBXFileReference; lastKnownFileType = sourcecode.swift; path = CustomCellIdentifiers.swift; sourceTree = "<group>"; };
		505967272160A0E200DA1124 /* LoadingIndicator.swift */ = {isa = PBXFileReference; lastKnownFileType = sourcecode.swift; path = LoadingIndicator.swift; sourceTree = "<group>"; };
		505967292160A27600DA1124 /* UIView+LoadingIndicator.swift */ = {isa = PBXFileReference; lastKnownFileType = sourcecode.swift; path = "UIView+LoadingIndicator.swift"; sourceTree = "<group>"; };
		5059672F2160BFFB00DA1124 /* UIView+Center.swift */ = {isa = PBXFileReference; lastKnownFileType = sourcecode.swift; path = "UIView+Center.swift"; sourceTree = "<group>"; };
		505967372160F55F00DA1124 /* CoinCell.swift */ = {isa = PBXFileReference; lastKnownFileType = sourcecode.swift; path = CoinCell.swift; sourceTree = "<group>"; };
		505967382160F55F00DA1124 /* CoinCell.xib */ = {isa = PBXFileReference; lastKnownFileType = file.xib; path = CoinCell.xib; sourceTree = "<group>"; };
		5059673B2160FF8600DA1124 /* CoinCellViewModel.swift */ = {isa = PBXFileReference; lastKnownFileType = sourcecode.swift; path = CoinCellViewModel.swift; sourceTree = "<group>"; };
		5059673D216104C700DA1124 /* AlamofireImage.framework.dSYM */ = {isa = PBXFileReference; lastKnownFileType = wrapper.dsym; name = AlamofireImage.framework.dSYM; path = Carthage/Build/iOS/AlamofireImage.framework.dSYM; sourceTree = "<group>"; };
		5059673F216104CF00DA1124 /* AlamofireImage.framework */ = {isa = PBXFileReference; lastKnownFileType = wrapper.framework; name = AlamofireImage.framework; path = Carthage/Build/iOS/AlamofireImage.framework; sourceTree = "<group>"; };
		5059674C216651FB00DA1124 /* Array+chunked.swift */ = {isa = PBXFileReference; lastKnownFileType = sourcecode.swift; path = "Array+chunked.swift"; sourceTree = "<group>"; };
		5074D9DE213985DD0082C962 /* BucketViewController.swift */ = {isa = PBXFileReference; lastKnownFileType = sourcecode.swift; path = BucketViewController.swift; sourceTree = "<group>"; };
		5074D9E0213985F40082C962 /* AllCoinsViewController.swift */ = {isa = PBXFileReference; lastKnownFileType = sourcecode.swift; path = AllCoinsViewController.swift; sourceTree = "<group>"; };
		5074D9E22139860C0082C962 /* CoinViewController.swift */ = {isa = PBXFileReference; lastKnownFileType = sourcecode.swift; path = CoinViewController.swift; sourceTree = "<group>"; };
		5074D9E7213986500082C962 /* EnvironmentService.swift */ = {isa = PBXFileReference; lastKnownFileType = sourcecode.swift; path = EnvironmentService.swift; sourceTree = "<group>"; };
		5074D9EA213987500082C962 /* DataStorage.swift */ = {isa = PBXFileReference; lastKnownFileType = sourcecode.swift; path = DataStorage.swift; sourceTree = "<group>"; };
		5074D9EE2139878F0082C962 /* NetworkService.swift */ = {isa = PBXFileReference; lastKnownFileType = sourcecode.swift; path = NetworkService.swift; sourceTree = "<group>"; };
		5074D9F3213987EA0082C962 /* CoinViewModel.swift */ = {isa = PBXFileReference; lastKnownFileType = sourcecode.swift; path = CoinViewModel.swift; sourceTree = "<group>"; };
		5074D9F7213987FF0082C962 /* BucketViewModel.swift */ = {isa = PBXFileReference; lastKnownFileType = sourcecode.swift; path = BucketViewModel.swift; sourceTree = "<group>"; };
		5074DA07213998940082C962 /* TabBarController.swift */ = {isa = PBXFileReference; lastKnownFileType = sourcecode.swift; path = TabBarController.swift; sourceTree = "<group>"; };
		5074DA0921399BE20082C962 /* DataStorageKeys.swift */ = {isa = PBXFileReference; lastKnownFileType = sourcecode.swift; path = DataStorageKeys.swift; sourceTree = "<group>"; };
		5074DA0C21399DB70082C962 /* Result.swift */ = {isa = PBXFileReference; lastKnownFileType = sourcecode.swift; path = Result.swift; sourceTree = "<group>"; };
		5074DA0E21399DC10082C962 /* Coin.swift */ = {isa = PBXFileReference; lastKnownFileType = sourcecode.swift; path = Coin.swift; sourceTree = "<group>"; };
		5074DA1021399FDA0082C962 /* AllCoinsViewModel.swift */ = {isa = PBXFileReference; lastKnownFileType = sourcecode.swift; path = AllCoinsViewModel.swift; sourceTree = "<group>"; };
		5088A328218E924F00D41CFF /* APIClient.swift */ = {isa = PBXFileReference; lastKnownFileType = sourcecode.swift; path = APIClient.swift; sourceTree = "<group>"; };
		5088A32A218EA61200D41CFF /* UIColor.swift */ = {isa = PBXFileReference; lastKnownFileType = sourcecode.swift; path = UIColor.swift; sourceTree = "<group>"; };
		5088A32D218EE9AC00D41CFF /* CurrencyViewController.swift */ = {isa = PBXFileReference; lastKnownFileType = sourcecode.swift; path = CurrencyViewController.swift; sourceTree = "<group>"; };
		5088A32F218EE9BA00D41CFF /* CurrencyViewModel.swift */ = {isa = PBXFileReference; lastKnownFileType = sourcecode.swift; path = CurrencyViewModel.swift; sourceTree = "<group>"; };
		5088A333218EF2BB00D41CFF /* CurrencyViewController.storyboard */ = {isa = PBXFileReference; lastKnownFileType = file.storyboard; path = CurrencyViewController.storyboard; sourceTree = "<group>"; };
		5088A336218EF44F00D41CFF /* CurrencyCell.swift */ = {isa = PBXFileReference; lastKnownFileType = sourcecode.swift; path = CurrencyCell.swift; sourceTree = "<group>"; };
		5088A338218EF45D00D41CFF /* CurrencyCell.xib */ = {isa = PBXFileReference; lastKnownFileType = file.xib; path = CurrencyCell.xib; sourceTree = "<group>"; };
		5088A33A218EF90000D41CFF /* CurrencyCellViewModel.swift */ = {isa = PBXFileReference; lastKnownFileType = sourcecode.swift; path = CurrencyCellViewModel.swift; sourceTree = "<group>"; };
		5088A33C218EF94400D41CFF /* Currency.swift */ = {isa = PBXFileReference; lastKnownFileType = sourcecode.swift; path = Currency.swift; sourceTree = "<group>"; };
		50CDC1AB1FDBB87C009A2E22 /* CoinBucket.app */ = {isa = PBXFileReference; explicitFileType = wrapper.application; includeInIndex = 0; path = CoinBucket.app; sourceTree = BUILT_PRODUCTS_DIR; };
		50CDC1AE1FDBB87C009A2E22 /* AppDelegate.swift */ = {isa = PBXFileReference; lastKnownFileType = sourcecode.swift; path = AppDelegate.swift; sourceTree = "<group>"; };
		50CDC1B51FDBB87C009A2E22 /* Assets.xcassets */ = {isa = PBXFileReference; lastKnownFileType = folder.assetcatalog; path = Assets.xcassets; sourceTree = "<group>"; };
		50CDC1B81FDBB87C009A2E22 /* Base */ = {isa = PBXFileReference; lastKnownFileType = file.storyboard; name = Base; path = Base.lproj/LaunchScreen.storyboard; sourceTree = "<group>"; };
		50CDC1BA1FDBB87C009A2E22 /* Info.plist */ = {isa = PBXFileReference; lastKnownFileType = text.plist.xml; path = Info.plist; sourceTree = "<group>"; };
		50CEB77D21A047D100C31232 /* SuggestionHeaderView.swift */ = {isa = PBXFileReference; lastKnownFileType = sourcecode.swift; path = SuggestionHeaderView.swift; sourceTree = "<group>"; };
		50CEB78021A0484300C31232 /* SuggestionHeaderView.xib */ = {isa = PBXFileReference; lastKnownFileType = file.xib; path = SuggestionHeaderView.xib; sourceTree = "<group>"; };
		50CEB78221A0589D00C31232 /* Date+Extension.swift */ = {isa = PBXFileReference; lastKnownFileType = sourcecode.swift; path = "Date+Extension.swift"; sourceTree = "<group>"; };
		50D9DC522198164F006D746D /* Suggestion.swift */ = {isa = PBXFileReference; lastKnownFileType = sourcecode.swift; path = Suggestion.swift; sourceTree = "<group>"; };
		50D9DC5421981C07006D746D /* SuggestionCellViewModel.swift */ = {isa = PBXFileReference; lastKnownFileType = sourcecode.swift; path = SuggestionCellViewModel.swift; sourceTree = "<group>"; };
		50D9DC592199A801006D746D /* CoinDetailsViewController.swift */ = {isa = PBXFileReference; lastKnownFileType = sourcecode.swift; path = CoinDetailsViewController.swift; sourceTree = "<group>"; };
		50D9DC5B2199A810006D746D /* CoinDetailsViewController.storyboard */ = {isa = PBXFileReference; lastKnownFileType = file.storyboard; path = CoinDetailsViewController.storyboard; sourceTree = "<group>"; };
		50D9DC5D2199A822006D746D /* CoinDetailsViewModel.swift */ = {isa = PBXFileReference; lastKnownFileType = sourcecode.swift; path = CoinDetailsViewModel.swift; sourceTree = "<group>"; };
		50FBF502218F142A00ECE4C3 /* Currencies.json */ = {isa = PBXFileReference; lastKnownFileType = text.json; path = Currencies.json; sourceTree = "<group>"; xcLanguageSpecificationIdentifier = xcode.lang.json; };
		50FBF519219105D400ECE4C3 /* SuggestionCell.swift */ = {isa = PBXFileReference; lastKnownFileType = sourcecode.swift; path = SuggestionCell.swift; sourceTree = "<group>"; };
		50FBF51B219105DD00ECE4C3 /* SuggestionCell.xib */ = {isa = PBXFileReference; lastKnownFileType = file.xib; path = SuggestionCell.xib; sourceTree = "<group>"; };
/* End PBXFileReference section */

/* Begin PBXFrameworksBuildPhase section */
		50CDC1A81FDBB87C009A2E22 /* Frameworks */ = {
			isa = PBXFrameworksBuildPhase;
			buildActionMask = 2147483647;
			files = (
				503F9E91213ACF9900D1714E /* Alamofire.framework in Frameworks */,
				50596740216104CF00DA1124 /* AlamofireImage.framework in Frameworks */,
			);
			runOnlyForDeploymentPostprocessing = 0;
		};
/* End PBXFrameworksBuildPhase section */

/* Begin PBXGroup section */
		503F9E88213AC4B200D1714E /* ViewControllerFactory */ = {
			isa = PBXGroup;
			children = (
				503F9E89213AC4C900D1714E /* ViewControllerFactory.swift */,
			);
			path = ViewControllerFactory;
			sourceTree = "<group>";
		};
		503F9E90213ACF9900D1714E /* Frameworks */ = {
			isa = PBXGroup;
			children = (
				5059673F216104CF00DA1124 /* AlamofireImage.framework */,
				5059673D216104C700DA1124 /* AlamofireImage.framework.dSYM */,
			);
			name = Frameworks;
			sourceTree = "<group>";
		};
		5059671B216090BD00DA1124 /* View */ = {
			isa = PBXGroup;
			children = (
				50CEB77F21A0483000C31232 /* SuggestionHeaderView */,
				50FBF518219105C100ECE4C3 /* SuggestionCell */,
				5088A335218EF3BF00D41CFF /* CurrencyCell */,
				505967262160A0C900DA1124 /* LoadingIndicator */,
				5059672321609FCD00DA1124 /* Extension */,
				5059671E216090DC00DA1124 /* CoinCell */,
			);
			path = View;
			sourceTree = "<group>";
		};
		5059671E216090DC00DA1124 /* CoinCell */ = {
			isa = PBXGroup;
			children = (
				505967372160F55F00DA1124 /* CoinCell.swift */,
				505967382160F55F00DA1124 /* CoinCell.xib */,
				5059673B2160FF8600DA1124 /* CoinCellViewModel.swift */,
			);
			path = CoinCell;
			sourceTree = "<group>";
		};
		5059672321609FCD00DA1124 /* Extension */ = {
			isa = PBXGroup;
			children = (
				505967292160A27600DA1124 /* UIView+LoadingIndicator.swift */,
				5059672F2160BFFB00DA1124 /* UIView+Center.swift */,
				5088A32A218EA61200D41CFF /* UIColor.swift */,
				50CEB78221A0589D00C31232 /* Date+Extension.swift */,
			);
			path = Extension;
			sourceTree = "<group>";
		};
		505967262160A0C900DA1124 /* LoadingIndicator */ = {
			isa = PBXGroup;
			children = (
				505967272160A0E200DA1124 /* LoadingIndicator.swift */,
			);
			path = LoadingIndicator;
			sourceTree = "<group>";
		};
		5059674B216651D800DA1124 /* Helper */ = {
			isa = PBXGroup;
			children = (
				5059674C216651FB00DA1124 /* Array+chunked.swift */,
			);
			path = Helper;
			sourceTree = "<group>";
		};
		5074D9DD213985C50082C962 /* ViewControllers */ = {
			isa = PBXGroup;
			children = (
				5074D9F1213987C30082C962 /* AllCoinsViewController */,
				5074D9F0213987B50082C962 /* BucketViewController */,
				50D9DC582199A7DA006D746D /* CoinDetailsViewController */,
				5074D9F2213987CC0082C962 /* CoinViewController */,
				5088A32C218EE99100D41CFF /* CurrencyViewController */,
				5074DA06213998830082C962 /* TabBarController */,
				503F9E88213AC4B200D1714E /* ViewControllerFactory */,
			);
			path = ViewControllers;
			sourceTree = "<group>";
		};
		5074D9E4213986330082C962 /* Service */ = {
			isa = PBXGroup;
			children = (
				5074D9E7213986500082C962 /* EnvironmentService.swift */,
				5074D9EE2139878F0082C962 /* NetworkService.swift */,
				5088A328218E924F00D41CFF /* APIClient.swift */,
			);
			path = Service;
			sourceTree = "<group>";
		};
		5074D9E92139873B0082C962 /* Utility */ = {
			isa = PBXGroup;
			children = (
				5074D9EA213987500082C962 /* DataStorage.swift */,
				5074DA0921399BE20082C962 /* DataStorageKeys.swift */,
				503F9E8B213ACA8200D1714E /* Storyboardable.swift */,
			);
			path = Utility;
			sourceTree = "<group>";
		};
		5074D9F0213987B50082C962 /* BucketViewController */ = {
			isa = PBXGroup;
			children = (
				5074D9DE213985DD0082C962 /* BucketViewController.swift */,
				5074D9F7213987FF0082C962 /* BucketViewModel.swift */,
			);
			path = BucketViewController;
			sourceTree = "<group>";
		};
		5074D9F1213987C30082C962 /* AllCoinsViewController */ = {
			isa = PBXGroup;
			children = (
				505967192160861B00DA1124 /* AllCoinsViewController.storyboard */,
				5074D9E0213985F40082C962 /* AllCoinsViewController.swift */,
				5074DA1021399FDA0082C962 /* AllCoinsViewModel.swift */,
			);
			path = AllCoinsViewController;
			sourceTree = "<group>";
		};
		5074D9F2213987CC0082C962 /* CoinViewController */ = {
			isa = PBXGroup;
			children = (
				5074D9E22139860C0082C962 /* CoinViewController.swift */,
				5074D9F3213987EA0082C962 /* CoinViewModel.swift */,
			);
			path = CoinViewController;
			sourceTree = "<group>";
		};
		5074DA052139982D0082C962 /* Resources */ = {
			isa = PBXGroup;
			children = (
				50CDC1AE1FDBB87C009A2E22 /* AppDelegate.swift */,
				50CDC1B51FDBB87C009A2E22 /* Assets.xcassets */,
				50CDC1B71FDBB87C009A2E22 /* LaunchScreen.storyboard */,
				50CDC1BA1FDBB87C009A2E22 /* Info.plist */,
			);
			path = Resources;
			sourceTree = "<group>";
		};
		5074DA06213998830082C962 /* TabBarController */ = {
			isa = PBXGroup;
			children = (
				5074DA07213998940082C962 /* TabBarController.swift */,
			);
			path = TabBarController;
			sourceTree = "<group>";
		};
		5074DA0B21399D580082C962 /* Model */ = {
			isa = PBXGroup;
			children = (
				5074DA0E21399DC10082C962 /* Coin.swift */,
				500F3CF1217CB9D1003CE89F /* CoinData.swift */,
				500F3D222187385A003CE89F /* CoinPrice.swift */,
				500F3D1C21872531003CE89F /* CoinPriceResult.swift */,
				500F3D28218751DA003CE89F /* ConstructedCoin.swift */,
				500F3CEF217CB56F003CE89F /* ConversionInfo.swift */,
				5088A33C218EF94400D41CFF /* Currency.swift */,
				50596721216091FD00DA1124 /* CustomCellIdentifiers.swift */,
				5074DA0C21399DB70082C962 /* Result.swift */,
				50D9DC522198164F006D746D /* Suggestion.swift */,
			);
			name = Model;
			path = "New Group";
			sourceTree = "<group>";
		};
		5088A32C218EE99100D41CFF /* CurrencyViewController */ = {
			isa = PBXGroup;
			children = (
				5088A333218EF2BB00D41CFF /* CurrencyViewController.storyboard */,
				5088A32D218EE9AC00D41CFF /* CurrencyViewController.swift */,
				5088A32F218EE9BA00D41CFF /* CurrencyViewModel.swift */,
			);
			path = CurrencyViewController;
			sourceTree = "<group>";
		};
		5088A335218EF3BF00D41CFF /* CurrencyCell */ = {
			isa = PBXGroup;
			children = (
				5088A336218EF44F00D41CFF /* CurrencyCell.swift */,
				5088A338218EF45D00D41CFF /* CurrencyCell.xib */,
				5088A33A218EF90000D41CFF /* CurrencyCellViewModel.swift */,
			);
			path = CurrencyCell;
			sourceTree = "<group>";
		};
		50CDC1A21FDBB87B009A2E22 = {
			isa = PBXGroup;
			children = (
				503F9E8D213ACED100D1714E /* Alamofire.framework */,
				50CDC1AD1FDBB87C009A2E22 /* CoinBucket */,
				50CDC1AC1FDBB87C009A2E22 /* Products */,
				503F9E90213ACF9900D1714E /* Frameworks */,
			);
			sourceTree = "<group>";
		};
		50CDC1AC1FDBB87C009A2E22 /* Products */ = {
			isa = PBXGroup;
			children = (
				50CDC1AB1FDBB87C009A2E22 /* CoinBucket.app */,
			);
			name = Products;
			sourceTree = "<group>";
		};
		50CDC1AD1FDBB87C009A2E22 /* CoinBucket */ = {
			isa = PBXGroup;
			children = (
				50FBF501218F141000ECE4C3 /* Data */,
				5059674B216651D800DA1124 /* Helper */,
				5074DA0B21399D580082C962 /* Model */,
				5074D9DD213985C50082C962 /* ViewControllers */,
				5059671B216090BD00DA1124 /* View */,
				5074D9E4213986330082C962 /* Service */,
				5074D9E92139873B0082C962 /* Utility */,
				5074DA052139982D0082C962 /* Resources */,
			);
			path = CoinBucket;
			sourceTree = "<group>";
		};
		50CEB77F21A0483000C31232 /* SuggestionHeaderView */ = {
			isa = PBXGroup;
			children = (
				50CEB77D21A047D100C31232 /* SuggestionHeaderView.swift */,
				50CEB78021A0484300C31232 /* SuggestionHeaderView.xib */,
			);
			path = SuggestionHeaderView;
			sourceTree = "<group>";
		};
		50D9DC582199A7DA006D746D /* CoinDetailsViewController */ = {
			isa = PBXGroup;
			children = (
				50D9DC5B2199A810006D746D /* CoinDetailsViewController.storyboard */,
				50D9DC592199A801006D746D /* CoinDetailsViewController.swift */,
				50D9DC5D2199A822006D746D /* CoinDetailsViewModel.swift */,
			);
			path = CoinDetailsViewController;
			sourceTree = "<group>";
		};
		50FBF501218F141000ECE4C3 /* Data */ = {
			isa = PBXGroup;
			children = (
				50FBF502218F142A00ECE4C3 /* Currencies.json */,
			);
			path = Data;
			sourceTree = "<group>";
		};
		50FBF518219105C100ECE4C3 /* SuggestionCell */ = {
			isa = PBXGroup;
			children = (
				50FBF519219105D400ECE4C3 /* SuggestionCell.swift */,
				50FBF51B219105DD00ECE4C3 /* SuggestionCell.xib */,
				50D9DC5421981C07006D746D /* SuggestionCellViewModel.swift */,
			);
			path = SuggestionCell;
			sourceTree = "<group>";
		};
/* End PBXGroup section */

/* Begin PBXNativeTarget section */
		50CDC1AA1FDBB87C009A2E22 /* CoinBucket */ = {
			isa = PBXNativeTarget;
			buildConfigurationList = 50CDC1C81FDBB87C009A2E22 /* Build configuration list for PBXNativeTarget "CoinBucket" */;
			buildPhases = (
				50CDC1A71FDBB87C009A2E22 /* Sources */,
				50CDC1A81FDBB87C009A2E22 /* Frameworks */,
				50CDC1A91FDBB87C009A2E22 /* Resources */,
				5074DA00213994550082C962 /* ShellScript */,
			);
			buildRules = (
			);
			dependencies = (
			);
			name = CoinBucket;
			productName = Coinster;
			productReference = 50CDC1AB1FDBB87C009A2E22 /* CoinBucket.app */;
			productType = "com.apple.product-type.application";
		};
/* End PBXNativeTarget section */

/* Begin PBXProject section */
		50CDC1A31FDBB87B009A2E22 /* Project object */ = {
			isa = PBXProject;
			attributes = {
				LastSwiftUpdateCheck = 0920;
				LastUpgradeCheck = 0930;
				ORGANIZATIONNAME = "Christopher Lee";
				TargetAttributes = {
					50CDC1AA1FDBB87C009A2E22 = {
						CreatedOnToolsVersion = 9.2;
						LastSwiftMigration = 1000;
						ProvisioningStyle = Automatic;
					};
				};
			};
			buildConfigurationList = 50CDC1A61FDBB87B009A2E22 /* Build configuration list for PBXProject "CoinBucket" */;
			compatibilityVersion = "Xcode 8.0";
			developmentRegion = en;
			hasScannedForEncodings = 0;
			knownRegions = (
				en,
				Base,
			);
			mainGroup = 50CDC1A21FDBB87B009A2E22;
			productRefGroup = 50CDC1AC1FDBB87C009A2E22 /* Products */;
			projectDirPath = "";
			projectRoot = "";
			targets = (
				50CDC1AA1FDBB87C009A2E22 /* CoinBucket */,
			);
		};
/* End PBXProject section */

/* Begin PBXResourcesBuildPhase section */
		50CDC1A91FDBB87C009A2E22 /* Resources */ = {
			isa = PBXResourcesBuildPhase;
			buildActionMask = 2147483647;
			files = (
				5088A334218EF2BB00D41CFF /* CurrencyViewController.storyboard in Resources */,
				50CDC1B91FDBB87C009A2E22 /* LaunchScreen.storyboard in Resources */,
				50CDC1B61FDBB87C009A2E22 /* Assets.xcassets in Resources */,
				5059673A2160F55F00DA1124 /* CoinCell.xib in Resources */,
				50FBF503218F142A00ECE4C3 /* Currencies.json in Resources */,
				50CEB78121A0484300C31232 /* SuggestionHeaderView.xib in Resources */,
				50FBF51C219105DD00ECE4C3 /* SuggestionCell.xib in Resources */,
				5088A339218EF45D00D41CFF /* CurrencyCell.xib in Resources */,
				50D9DC5C2199A810006D746D /* CoinDetailsViewController.storyboard in Resources */,
				5059671A2160861B00DA1124 /* AllCoinsViewController.storyboard in Resources */,
			);
			runOnlyForDeploymentPostprocessing = 0;
		};
/* End PBXResourcesBuildPhase section */

/* Begin PBXShellScriptBuildPhase section */
		5074DA00213994550082C962 /* ShellScript */ = {
			isa = PBXShellScriptBuildPhase;
			buildActionMask = 2147483647;
			files = (
			);
			inputPaths = (
				"$(SRCROOT)/Carthage/Build/iOS/Alamofire.framework",
				"$(SRCROOT)/Carthage/Build/iOS/AlamofireImage.framework",
			);
			outputPaths = (
				"$(BUILT_PRODUCTS_DIR)/$(FRAMEWORKS_FOLDER_PATH)/Alamofire.framework",
				"$(BUILT_PRODUCTS_DIR)/$(FRAMEWORKS_FOLDER_PATH)/AlamofireImage.framework",
			);
			runOnlyForDeploymentPostprocessing = 0;
			shellPath = /bin/sh;
			shellScript = "/usr/local/bin/carthage copy-frameworks\n";
		};
/* End PBXShellScriptBuildPhase section */

/* Begin PBXSourcesBuildPhase section */
		50CDC1A71FDBB87C009A2E22 /* Sources */ = {
			isa = PBXSourcesBuildPhase;
			buildActionMask = 2147483647;
			files = (
				5074D9E1213985F40082C962 /* AllCoinsViewController.swift in Sources */,
				50CEB77E21A047D100C31232 /* SuggestionHeaderView.swift in Sources */,
				5074DA08213998940082C962 /* TabBarController.swift in Sources */,
				5088A32E218EE9AC00D41CFF /* CurrencyViewController.swift in Sources */,
				5074D9F4213987EA0082C962 /* CoinViewModel.swift in Sources */,
				50D9DC5521981C07006D746D /* SuggestionCellViewModel.swift in Sources */,
				505967302160BFFB00DA1124 /* UIView+Center.swift in Sources */,
				5074DA0F21399DC10082C962 /* Coin.swift in Sources */,
				5088A337218EF44F00D41CFF /* CurrencyCell.swift in Sources */,
				5088A329218E924F00D41CFF /* APIClient.swift in Sources */,
				5074D9EB213987500082C962 /* DataStorage.swift in Sources */,
				50CEB78321A0589D00C31232 /* Date+Extension.swift in Sources */,
				5074DA1121399FDA0082C962 /* AllCoinsViewModel.swift in Sources */,
				5088A330218EE9BA00D41CFF /* CurrencyViewModel.swift in Sources */,
				5059673C2160FF8600DA1124 /* CoinCellViewModel.swift in Sources */,
				5074D9EF2139878F0082C962 /* NetworkService.swift in Sources */,
				5074DA0D21399DB70082C962 /* Result.swift in Sources */,
				5074D9DF213985DD0082C962 /* BucketViewController.swift in Sources */,
				50CDC1AF1FDBB87C009A2E22 /* AppDelegate.swift in Sources */,
				5074D9F8213987FF0082C962 /* BucketViewModel.swift in Sources */,
				50D9DC532198164F006D746D /* Suggestion.swift in Sources */,
				505967282160A0E200DA1124 /* LoadingIndicator.swift in Sources */,
				500F3D1D21872531003CE89F /* CoinPriceResult.swift in Sources */,
				5074D9E8213986500082C962 /* EnvironmentService.swift in Sources */,
				500F3CF2217CB9D1003CE89F /* CoinData.swift in Sources */,
				5059674D216651FB00DA1124 /* Array+chunked.swift in Sources */,
				5088A32B218EA61200D41CFF /* UIColor.swift in Sources */,
				50596722216091FD00DA1124 /* CustomCellIdentifiers.swift in Sources */,
				500F3D29218751DA003CE89F /* ConstructedCoin.swift in Sources */,
				505967392160F55F00DA1124 /* CoinCell.swift in Sources */,
				5088A33D218EF94400D41CFF /* Currency.swift in Sources */,
				500F3CF0217CB56F003CE89F /* ConversionInfo.swift in Sources */,
				503F9E8A213AC4C900D1714E /* ViewControllerFactory.swift in Sources */,
				5074DA0A21399BE20082C962 /* DataStorageKeys.swift in Sources */,
				50D9DC5E2199A822006D746D /* CoinDetailsViewModel.swift in Sources */,
				5088A33B218EF90000D41CFF /* CurrencyCellViewModel.swift in Sources */,
				5074D9E32139860C0082C962 /* CoinViewController.swift in Sources */,
				5059672A2160A27600DA1124 /* UIView+LoadingIndicator.swift in Sources */,
				50FBF51A219105D400ECE4C3 /* SuggestionCell.swift in Sources */,
				500F3D232187385A003CE89F /* CoinPrice.swift in Sources */,
				503F9E8C213ACA8200D1714E /* Storyboardable.swift in Sources */,
				50D9DC5A2199A801006D746D /* CoinDetailsViewController.swift in Sources */,
			);
			runOnlyForDeploymentPostprocessing = 0;
		};
/* End PBXSourcesBuildPhase section */

/* Begin PBXVariantGroup section */
		50CDC1B71FDBB87C009A2E22 /* LaunchScreen.storyboard */ = {
			isa = PBXVariantGroup;
			children = (
				50CDC1B81FDBB87C009A2E22 /* Base */,
			);
			name = LaunchScreen.storyboard;
			sourceTree = "<group>";
		};
/* End PBXVariantGroup section */

/* Begin XCBuildConfiguration section */
		50CDC1C61FDBB87C009A2E22 /* Debug */ = {
			isa = XCBuildConfiguration;
			buildSettings = {
				ALWAYS_SEARCH_USER_PATHS = NO;
				CLANG_ANALYZER_NONNULL = YES;
				CLANG_ANALYZER_NUMBER_OBJECT_CONVERSION = YES_AGGRESSIVE;
				CLANG_CXX_LANGUAGE_STANDARD = "gnu++14";
				CLANG_CXX_LIBRARY = "libc++";
				CLANG_ENABLE_MODULES = YES;
				CLANG_ENABLE_OBJC_ARC = YES;
				CLANG_WARN_BLOCK_CAPTURE_AUTORELEASING = YES;
				CLANG_WARN_BOOL_CONVERSION = YES;
				CLANG_WARN_COMMA = YES;
				CLANG_WARN_CONSTANT_CONVERSION = YES;
				CLANG_WARN_DEPRECATED_OBJC_IMPLEMENTATIONS = YES;
				CLANG_WARN_DIRECT_OBJC_ISA_USAGE = YES_ERROR;
				CLANG_WARN_DOCUMENTATION_COMMENTS = YES;
				CLANG_WARN_EMPTY_BODY = YES;
				CLANG_WARN_ENUM_CONVERSION = YES;
				CLANG_WARN_INFINITE_RECURSION = YES;
				CLANG_WARN_INT_CONVERSION = YES;
				CLANG_WARN_NON_LITERAL_NULL_CONVERSION = YES;
				CLANG_WARN_OBJC_IMPLICIT_RETAIN_SELF = YES;
				CLANG_WARN_OBJC_LITERAL_CONVERSION = YES;
				CLANG_WARN_OBJC_ROOT_CLASS = YES_ERROR;
				CLANG_WARN_RANGE_LOOP_ANALYSIS = YES;
				CLANG_WARN_STRICT_PROTOTYPES = YES;
				CLANG_WARN_SUSPICIOUS_MOVE = YES;
				CLANG_WARN_UNGUARDED_AVAILABILITY = YES_AGGRESSIVE;
				CLANG_WARN_UNREACHABLE_CODE = YES;
				CLANG_WARN__DUPLICATE_METHOD_MATCH = YES;
				CODE_SIGN_IDENTITY = "iPhone Developer";
				COPY_PHASE_STRIP = NO;
				DEBUG_INFORMATION_FORMAT = dwarf;
				ENABLE_STRICT_OBJC_MSGSEND = YES;
				ENABLE_TESTABILITY = YES;
				GCC_C_LANGUAGE_STANDARD = gnu11;
				GCC_DYNAMIC_NO_PIC = NO;
				GCC_NO_COMMON_BLOCKS = YES;
				GCC_OPTIMIZATION_LEVEL = 0;
				GCC_PREPROCESSOR_DEFINITIONS = (
					"DEBUG=1",
					"$(inherited)",
				);
				GCC_WARN_64_TO_32_BIT_CONVERSION = YES;
				GCC_WARN_ABOUT_RETURN_TYPE = YES_ERROR;
				GCC_WARN_UNDECLARED_SELECTOR = YES;
				GCC_WARN_UNINITIALIZED_AUTOS = YES_AGGRESSIVE;
				GCC_WARN_UNUSED_FUNCTION = YES;
				GCC_WARN_UNUSED_VARIABLE = YES;
				IPHONEOS_DEPLOYMENT_TARGET = 11.2;
				MTL_ENABLE_DEBUG_INFO = YES;
				ONLY_ACTIVE_ARCH = YES;
				SDKROOT = iphoneos;
				SWIFT_ACTIVE_COMPILATION_CONDITIONS = DEBUG;
				SWIFT_OPTIMIZATION_LEVEL = "-Onone";
			};
			name = Debug;
		};
		50CDC1C71FDBB87C009A2E22 /* Release */ = {
			isa = XCBuildConfiguration;
			buildSettings = {
				ALWAYS_SEARCH_USER_PATHS = NO;
				CLANG_ANALYZER_NONNULL = YES;
				CLANG_ANALYZER_NUMBER_OBJECT_CONVERSION = YES_AGGRESSIVE;
				CLANG_CXX_LANGUAGE_STANDARD = "gnu++14";
				CLANG_CXX_LIBRARY = "libc++";
				CLANG_ENABLE_MODULES = YES;
				CLANG_ENABLE_OBJC_ARC = YES;
				CLANG_WARN_BLOCK_CAPTURE_AUTORELEASING = YES;
				CLANG_WARN_BOOL_CONVERSION = YES;
				CLANG_WARN_COMMA = YES;
				CLANG_WARN_CONSTANT_CONVERSION = YES;
				CLANG_WARN_DEPRECATED_OBJC_IMPLEMENTATIONS = YES;
				CLANG_WARN_DIRECT_OBJC_ISA_USAGE = YES_ERROR;
				CLANG_WARN_DOCUMENTATION_COMMENTS = YES;
				CLANG_WARN_EMPTY_BODY = YES;
				CLANG_WARN_ENUM_CONVERSION = YES;
				CLANG_WARN_INFINITE_RECURSION = YES;
				CLANG_WARN_INT_CONVERSION = YES;
				CLANG_WARN_NON_LITERAL_NULL_CONVERSION = YES;
				CLANG_WARN_OBJC_IMPLICIT_RETAIN_SELF = YES;
				CLANG_WARN_OBJC_LITERAL_CONVERSION = YES;
				CLANG_WARN_OBJC_ROOT_CLASS = YES_ERROR;
				CLANG_WARN_RANGE_LOOP_ANALYSIS = YES;
				CLANG_WARN_STRICT_PROTOTYPES = YES;
				CLANG_WARN_SUSPICIOUS_MOVE = YES;
				CLANG_WARN_UNGUARDED_AVAILABILITY = YES_AGGRESSIVE;
				CLANG_WARN_UNREACHABLE_CODE = YES;
				CLANG_WARN__DUPLICATE_METHOD_MATCH = YES;
				CODE_SIGN_IDENTITY = "iPhone Developer";
				COPY_PHASE_STRIP = NO;
				DEBUG_INFORMATION_FORMAT = "dwarf-with-dsym";
				ENABLE_NS_ASSERTIONS = NO;
				ENABLE_STRICT_OBJC_MSGSEND = YES;
				GCC_C_LANGUAGE_STANDARD = gnu11;
				GCC_NO_COMMON_BLOCKS = YES;
				GCC_WARN_64_TO_32_BIT_CONVERSION = YES;
				GCC_WARN_ABOUT_RETURN_TYPE = YES_ERROR;
				GCC_WARN_UNDECLARED_SELECTOR = YES;
				GCC_WARN_UNINITIALIZED_AUTOS = YES_AGGRESSIVE;
				GCC_WARN_UNUSED_FUNCTION = YES;
				GCC_WARN_UNUSED_VARIABLE = YES;
				IPHONEOS_DEPLOYMENT_TARGET = 11.2;
				MTL_ENABLE_DEBUG_INFO = NO;
				SDKROOT = iphoneos;
				SWIFT_OPTIMIZATION_LEVEL = "-Owholemodule";
				VALIDATE_PRODUCT = YES;
			};
			name = Release;
		};
		50CDC1C91FDBB87C009A2E22 /* Debug */ = {
			isa = XCBuildConfiguration;
			buildSettings = {
				ASSETCATALOG_COMPILER_APPICON_NAME = AppIcon;
				CODE_SIGN_STYLE = Automatic;
				DEFINES_MODULE = YES;
				DEVELOPMENT_TEAM = TCJZB3N6X7;
				FRAMEWORK_SEARCH_PATHS = (
					"$(inherited)",
					"$(PROJECT_DIR)/Carthage/Build/iOS",
				);
				INFOPLIST_FILE = "$(SRCROOT)/CoinBucket/Resources/Info.plist";
				LD_RUNPATH_SEARCH_PATHS = "$(inherited) @executable_path/Frameworks";
				PRODUCT_BUNDLE_IDENTIFIER = io.hanernlee.CoinBucket;
				PRODUCT_NAME = "$(TARGET_NAME)";
				SWIFT_VERSION = 4.2;
				TARGETED_DEVICE_FAMILY = "1,2";
			};
			name = Debug;
		};
		50CDC1CA1FDBB87C009A2E22 /* Release */ = {
			isa = XCBuildConfiguration;
			buildSettings = {
				ASSETCATALOG_COMPILER_APPICON_NAME = AppIcon;
				CODE_SIGN_STYLE = Automatic;
				DEFINES_MODULE = YES;
				DEVELOPMENT_TEAM = TCJZB3N6X7;
				FRAMEWORK_SEARCH_PATHS = (
					"$(inherited)",
					"$(PROJECT_DIR)/Carthage/Build/iOS",
				);
				INFOPLIST_FILE = "$(SRCROOT)/CoinBucket/Resources/Info.plist";
				LD_RUNPATH_SEARCH_PATHS = "$(inherited) @executable_path/Frameworks";
				PRODUCT_BUNDLE_IDENTIFIER = io.hanernlee.CoinBucket;
				PRODUCT_NAME = "$(TARGET_NAME)";
				SWIFT_VERSION = 4.2;
				TARGETED_DEVICE_FAMILY = "1,2";
			};
			name = Release;
		};
/* End XCBuildConfiguration section */

/* Begin XCConfigurationList section */
		50CDC1A61FDBB87B009A2E22 /* Build configuration list for PBXProject "CoinBucket" */ = {
			isa = XCConfigurationList;
			buildConfigurations = (
				50CDC1C61FDBB87C009A2E22 /* Debug */,
				50CDC1C71FDBB87C009A2E22 /* Release */,
			);
			defaultConfigurationIsVisible = 0;
			defaultConfigurationName = Release;
		};
		50CDC1C81FDBB87C009A2E22 /* Build configuration list for PBXNativeTarget "CoinBucket" */ = {
			isa = XCConfigurationList;
			buildConfigurations = (
				50CDC1C91FDBB87C009A2E22 /* Debug */,
				50CDC1CA1FDBB87C009A2E22 /* Release */,
			);
			defaultConfigurationIsVisible = 0;
			defaultConfigurationName = Release;
		};
/* End XCConfigurationList section */
	};
	rootObject = 50CDC1A31FDBB87B009A2E22 /* Project object */;
}
